
Microsoft Visual Studio Solution File, Format Version 12.00
Project("{FAE04EC0-301F-11D3-BF4B-00C04F79EFBC}") = "inheritance", "inheritance\inheritance.csproj", "{13630900-9BF8-4C1B-8E06-87815455C439}"
EndProject
Global
	GlobalSection(SolutionConfigurationPlatforms) = preSolution
		Debug|Any CPU = Debug|Any CPU
		Release|Any CPU = Release|Any CPU
	EndGlobalSection
	GlobalSection(ProjectConfigurationPlatforms) = postSolution
		{13630900-9BF8-4C1B-8E06-87815455C439}.Debug|Any CPU.ActiveCfg = Debug|Any CPU
		{13630900-9BF8-4C1B-8E06-87815455C439}.Debug|Any CPU.Build.0 = Debug|Any CPU
		{13630900-9BF8-4C1B-8E06-87815455C439}.Release|Any CPU.ActiveCfg = Release|Any CPU
		{13630900-9BF8-4C1B-8E06-87815455C439}.Release|Any CPU.Build.0 = Release|Any CPU
	EndGlobalSection
EndGlobal
