
Microsoft Visual Studio Solution File, Format Version 12.00
Project("{FAE04EC0-301F-11D3-BF4B-00C04F79EFBC}") = "12_11_2025_2", "12_11_2025_2\12_11_2025_2.csproj", "{BD61263D-6BAC-4F2D-B619-B5B301778A64}"
EndProject
Global
	GlobalSection(SolutionConfigurationPlatforms) = preSolution
		Debug|Any CPU = Debug|Any CPU
		Release|Any CPU = Release|Any CPU
	EndGlobalSection
	GlobalSection(ProjectConfigurationPlatforms) = postSolution
		{BD61263D-6BAC-4F2D-B619-B5B301778A64}.Debug|Any CPU.ActiveCfg = Debug|Any CPU
		{BD61263D-6BAC-4F2D-B619-B5B301778A64}.Debug|Any CPU.Build.0 = Debug|Any CPU
		{BD61263D-6BAC-4F2D-B619-B5B301778A64}.Release|Any CPU.ActiveCfg = Release|Any CPU
		{BD61263D-6BAC-4F2D-B619-B5B301778A64}.Release|Any CPU.Build.0 = Release|Any CPU
	EndGlobalSection
EndGlobal
