
Microsoft Visual Studio Solution File, Format Version 12.00
Project("{FAE04EC0-301F-11D3-BF4B-00C04F79EFBC}") = "Simple_Calculator", "Simple_Calculator\Simple_Calculator.csproj", "{6B783843-20F3-405F-BAE7-EE8B847E6784}"
EndProject
Global
	GlobalSection(SolutionConfigurationPlatforms) = preSolution
		Debug|Any CPU = Debug|Any CPU
		Release|Any CPU = Release|Any CPU
	EndGlobalSection
	GlobalSection(ProjectConfigurationPlatforms) = postSolution
		{6B783843-20F3-405F-BAE7-EE8B847E6784}.Debug|Any CPU.ActiveCfg = Debug|Any CPU
		{6B783843-20F3-405F-BAE7-EE8B847E6784}.Debug|Any CPU.Build.0 = Debug|Any CPU
		{6B783843-20F3-405F-BAE7-EE8B847E6784}.Release|Any CPU.ActiveCfg = Release|Any CPU
		{6B783843-20F3-405F-BAE7-EE8B847E6784}.Release|Any CPU.Build.0 = Release|Any CPU
	EndGlobalSection
EndGlobal
