
Microsoft Visual Studio Solution File, Format Version 12.00
Project("{FAE04EC0-301F-11D3-BF4B-00C04F79EFBC}") = "Student", "Student\Student.csproj", "{526407E2-94A5-49B3-8B85-B54FE8DE5174}"
EndProject
Global
	GlobalSection(SolutionConfigurationPlatforms) = preSolution
		Debug|Any CPU = Debug|Any CPU
		Release|Any CPU = Release|Any CPU
	EndGlobalSection
	GlobalSection(ProjectConfigurationPlatforms) = postSolution
		{526407E2-94A5-49B3-8B85-B54FE8DE5174}.Debug|Any CPU.ActiveCfg = Debug|Any CPU
		{526407E2-94A5-49B3-8B85-B54FE8DE5174}.Debug|Any CPU.Build.0 = Debug|Any CPU
		{526407E2-94A5-49B3-8B85-B54FE8DE5174}.Release|Any CPU.ActiveCfg = Release|Any CPU
		{526407E2-94A5-49B3-8B85-B54FE8DE5174}.Release|Any CPU.Build.0 = Release|Any CPU
	EndGlobalSection
EndGlobal
