
Microsoft Visual Studio Solution File, Format Version 12.00
Project("{FAE04EC0-301F-11D3-BF4B-00C04F79EFBC}") = "RPG_Postavy", "RPG_Postavy\RPG_Postavy.csproj", "{6524009D-BBCB-4C88-BC2B-3315D77BCEF8}"
EndProject
Global
	GlobalSection(SolutionConfigurationPlatforms) = preSolution
		Debug|Any CPU = Debug|Any CPU
		Release|Any CPU = Release|Any CPU
	EndGlobalSection
	GlobalSection(ProjectConfigurationPlatforms) = postSolution
		{6524009D-BBCB-4C88-BC2B-3315D77BCEF8}.Debug|Any CPU.ActiveCfg = Debug|Any CPU
		{6524009D-BBCB-4C88-BC2B-3315D77BCEF8}.Debug|Any CPU.Build.0 = Debug|Any CPU
		{6524009D-BBCB-4C88-BC2B-3315D77BCEF8}.Release|Any CPU.ActiveCfg = Release|Any CPU
		{6524009D-BBCB-4C88-BC2B-3315D77BCEF8}.Release|Any CPU.Build.0 = Release|Any CPU
	EndGlobalSection
EndGlobal
