
Microsoft Visual Studio Solution File, Format Version 12.00
Project("{FAE04EC0-301F-11D3-BF4B-00C04F79EFBC}") = "5_11_2025_3", "5_11_2025_3\5_11_2025_3.csproj", "{EA55CA79-0548-44C2-B816-5ECE0FEF7922}"
EndProject
Global
	GlobalSection(SolutionConfigurationPlatforms) = preSolution
		Debug|Any CPU = Debug|Any CPU
		Release|Any CPU = Release|Any CPU
	EndGlobalSection
	GlobalSection(ProjectConfigurationPlatforms) = postSolution
		{EA55CA79-0548-44C2-B816-5ECE0FEF7922}.Debug|Any CPU.ActiveCfg = Debug|Any CPU
		{EA55CA79-0548-44C2-B816-5ECE0FEF7922}.Debug|Any CPU.Build.0 = Debug|Any CPU
		{EA55CA79-0548-44C2-B816-5ECE0FEF7922}.Release|Any CPU.ActiveCfg = Release|Any CPU
		{EA55CA79-0548-44C2-B816-5ECE0FEF7922}.Release|Any CPU.Build.0 = Release|Any CPU
	EndGlobalSection
EndGlobal
