
Microsoft Visual Studio Solution File, Format Version 12.00
Project("{FAE04EC0-301F-11D3-BF4B-00C04F79EFBC}") = "ProgramMedium", "ProgramMedium\ProgramMedium.csproj", "{18CA4719-6AE2-4FCB-B5BE-7DE1EAED2119}"
EndProject
Global
	GlobalSection(SolutionConfigurationPlatforms) = preSolution
		Debug|Any CPU = Debug|Any CPU
		Release|Any CPU = Release|Any CPU
	EndGlobalSection
	GlobalSection(ProjectConfigurationPlatforms) = postSolution
		{18CA4719-6AE2-4FCB-B5BE-7DE1EAED2119}.Debug|Any CPU.ActiveCfg = Debug|Any CPU
		{18CA4719-6AE2-4FCB-B5BE-7DE1EAED2119}.Debug|Any CPU.Build.0 = Debug|Any CPU
		{18CA4719-6AE2-4FCB-B5BE-7DE1EAED2119}.Release|Any CPU.ActiveCfg = Release|Any CPU
		{18CA4719-6AE2-4FCB-B5BE-7DE1EAED2119}.Release|Any CPU.Build.0 = Release|Any CPU
	EndGlobalSection
EndGlobal
